
Microsoft Visual Studio Solution File, Format Version 12.00
# Visual Studio 2013
VisualStudioVersion = 12.0.21005.1
MinimumVisualStudioVersion = 10.0.40219.1
Project("{8BC9CEB8-8B4A-11D0-8D11-00A0C91BC942}") = "txet_1", "txet_1\txet_1.vcxproj", "{C350A523-BD97-4796-A4E3-94C0BC13550B}"
EndProject
Global
	GlobalSection(SolutionConfigurationPlatforms) = preSolution
		Debug|Win32 = Debug|Win32
		Release|Win32 = Release|Win32
	EndGlobalSection
	GlobalSection(ProjectConfigurationPlatforms) = postSolution
		{C350A523-BD97-4796-A4E3-94C0BC13550B}.Debug|Win32.ActiveCfg = Debug|Win32
		{C350A523-BD97-4796-A4E3-94C0BC13550B}.Debug|Win32.Build.0 = Debug|Win32
		{C350A523-BD97-4796-A4E3-94C0BC13550B}.Release|Win32.ActiveCfg = Release|Win32
		{C350A523-BD97-4796-A4E3-94C0BC13550B}.Release|Win32.Build.0 = Release|Win32
	EndGlobalSection
	GlobalSection(SolutionProperties) = preSolution
		HideSolutionNode = FALSE
	EndGlobalSection
EndGlobal
